<Solution>
  <Folder Name="/src/">
    <Project Path="src/IMS.API/IMS.API.csproj" />
    <Project Path="src/IMS.Application/IMS.Application.csproj" />
    <Project Path="src/IMS.Domain/IMS.Domain.csproj" />
    <Project Path="src/IMS.Infrastructure/IMS.Infrastructure.csproj" />
  </Folder>
  <Folder Name="/tests/">
    <Project Path="tests/IMS.UnitTests/IMS.UnitTests.csproj" />
  </Folder>
</Solution>
